
Microsoft Visual Studio Solution File, Format Version 12.00
# Visual Studio Version 16
VisualStudioVersion = 16.0.31624.102
MinimumVisualStudioVersion = 10.0.40219.1
Project("{8BC9CEB8-8B4A-11D0-8D11-00A0C91BC942}") = "Osharov_AS2304_lab0", "Osharov_AS2304_lab0.vcxproj", "{DBB9630D-888C-4B65-9B35-23570A2F84A9}"
EndProject
Global
	GlobalSection(SolutionConfigurationPlatforms) = preSolution
		Debug|x64 = Debug|x64
		Debug|x86 = Debug|x86
		Release|x64 = Release|x64
		Release|x86 = Release|x86
	EndGlobalSection
	GlobalSection(ProjectConfigurationPlatforms) = postSolution
		{DBB9630D-888C-4B65-9B35-23570A2F84A9}.Debug|x64.ActiveCfg = Debug|x64
		{DBB9630D-888C-4B65-9B35-23570A2F84A9}.Debug|x64.Build.0 = Debug|x64
		{DBB9630D-888C-4B65-9B35-23570A2F84A9}.Debug|x86.ActiveCfg = Debug|Win32
		{DBB9630D-888C-4B65-9B35-23570A2F84A9}.Debug|x86.Build.0 = Debug|Win32
		{DBB9630D-888C-4B65-9B35-23570A2F84A9}.Release|x64.ActiveCfg = Release|x64
		{DBB9630D-888C-4B65-9B35-23570A2F84A9}.Release|x64.Build.0 = Release|x64
		{DBB9630D-888C-4B65-9B35-23570A2F84A9}.Release|x86.ActiveCfg = Release|Win32
		{DBB9630D-888C-4B65-9B35-23570A2F84A9}.Release|x86.Build.0 = Release|Win32
	EndGlobalSection
	GlobalSection(SolutionProperties) = preSolution
		HideSolutionNode = FALSE
	EndGlobalSection
	GlobalSection(ExtensibilityGlobals) = postSolution
		SolutionGuid = {AD0789EA-94B6-47B0-8F6A-A5FBEC9AEFFF}
	EndGlobalSection
EndGlobal
